// !$*UTF8*$!
{
	archiveVersion = 1;
	classes = {
	};
	objectVersion = 50;
	objects = {

/* Begin PBXBuildFile section */
		839406FC23C8273600E16BEF /* AppDelegate.swift in Sources */ = {isa = PBXBuildFile; fileRef = 839406FB23C8273600E16BEF /* AppDelegate.swift */; };
		839406FE23C8273600E16BEF /* SceneDelegate.swift in Sources */ = {isa = PBXBuildFile; fileRef = 839406FD23C8273600E16BEF /* SceneDelegate.swift */; };
		8394070523C8273700E16BEF /* Assets.xcassets in Resources */ = {isa = PBXBuildFile; fileRef = 8394070423C8273700E16BEF /* Assets.xcassets */; };
		8394070823C8273700E16BEF /* LaunchScreen.storyboard in Resources */ = {isa = PBXBuildFile; fileRef = 8394070623C8273700E16BEF /* LaunchScreen.storyboard */; };
		8394071323C8273700E16BEF /* LSCustomTabbarTests.swift in Sources */ = {isa = PBXBuildFile; fileRef = 8394071223C8273700E16BEF /* LSCustomTabbarTests.swift */; };
		8394071E23C8273700E16BEF /* LSCustomTabbarUITests.swift in Sources */ = {isa = PBXBuildFile; fileRef = 8394071D23C8273700E16BEF /* LSCustomTabbarUITests.swift */; };
		8394073A23C8279F00E16BEF /* BaseViewController.swift in Sources */ = {isa = PBXBuildFile; fileRef = 8394072C23C8279F00E16BEF /* BaseViewController.swift */; };
		8394073B23C8279F00E16BEF /* BaseNavigationViewController.swift in Sources */ = {isa = PBXBuildFile; fileRef = 8394072D23C8279F00E16BEF /* BaseNavigationViewController.swift */; };
		8394073C23C8279F00E16BEF /* UIImage+Extension.swift in Sources */ = {isa = PBXBuildFile; fileRef = 8394072E23C8279F00E16BEF /* UIImage+Extension.swift */; };
		8394073D23C8279F00E16BEF /* MainTabBarController.swift in Sources */ = {isa = PBXBuildFile; fileRef = 8394072F23C8279F00E16BEF /* MainTabBarController.swift */; };
		8394073E23C8279F00E16BEF /* CartViewController.swift in Sources */ = {isa = PBXBuildFile; fileRef = 8394073123C8279F00E16BEF /* CartViewController.swift */; };
		8394073F23C8279F00E16BEF /* CategoryViewController.swift in Sources */ = {isa = PBXBuildFile; fileRef = 8394073323C8279F00E16BEF /* CategoryViewController.swift */; };
		8394074023C8279F00E16BEF /* MemberViewController.swift in Sources */ = {isa = PBXBuildFile; fileRef = 8394073523C8279F00E16BEF /* MemberViewController.swift */; };
		8394074123C8279F00E16BEF /* HomeViewController.swift in Sources */ = {isa = PBXBuildFile; fileRef = 8394073723C8279F00E16BEF /* HomeViewController.swift */; };
		8394074223C8279F00E16BEF /* MineViewController.swift in Sources */ = {isa = PBXBuildFile; fileRef = 8394073923C8279F00E16BEF /* MineViewController.swift */; };
/* End PBXBuildFile section */

/* Begin PBXContainerItemProxy section */
		8394070F23C8273700E16BEF /* PBXContainerItemProxy */ = {
			isa = PBXContainerItemProxy;
			containerPortal = 839406F023C8273600E16BEF /* Project object */;
			proxyType = 1;
			remoteGlobalIDString = 839406F723C8273600E16BEF;
			remoteInfo = LSCustomTabbar;
		};
		8394071A23C8273700E16BEF /* PBXContainerItemProxy */ = {
			isa = PBXContainerItemProxy;
			containerPortal = 839406F023C8273600E16BEF /* Project object */;
			proxyType = 1;
			remoteGlobalIDString = 839406F723C8273600E16BEF;
			remoteInfo = LSCustomTabbar;
		};
/* End PBXContainerItemProxy section */

/* Begin PBXFileReference section */
		839406F823C8273600E16BEF /* LSCustomTabbar.app */ = {isa = PBXFileReference; explicitFileType = wrapper.application; includeInIndex = 0; path = LSCustomTabbar.app; sourceTree = BUILT_PRODUCTS_DIR; };
		839406FB23C8273600E16BEF /* AppDelegate.swift */ = {isa = PBXFileReference; lastKnownFileType = sourcecode.swift; path = AppDelegate.swift; sourceTree = "<group>"; };
		839406FD23C8273600E16BEF /* SceneDelegate.swift */ = {isa = PBXFileReference; lastKnownFileType = sourcecode.swift; path = SceneDelegate.swift; sourceTree = "<group>"; };
		8394070423C8273700E16BEF /* Assets.xcassets */ = {isa = PBXFileReference; lastKnownFileType = folder.assetcatalog; path = Assets.xcassets; sourceTree = "<group>"; };
		8394070723C8273700E16BEF /* Base */ = {isa = PBXFileReference; lastKnownFileType = file.storyboard; name = Base; path = Base.lproj/LaunchScreen.storyboard; sourceTree = "<group>"; };
		8394070923C8273700E16BEF /* Info.plist */ = {isa = PBXFileReference; lastKnownFileType = text.plist.xml; path = Info.plist; sourceTree = "<group>"; };
		8394070E23C8273700E16BEF /* LSCustomTabbarTests.xctest */ = {isa = PBXFileReference; explicitFileType = wrapper.cfbundle; includeInIndex = 0; path = LSCustomTabbarTests.xctest; sourceTree = BUILT_PRODUCTS_DIR; };
		8394071223C8273700E16BEF /* LSCustomTabbarTests.swift */ = {isa = PBXFileReference; lastKnownFileType = sourcecode.swift; path = LSCustomTabbarTests.swift; sourceTree = "<group>"; };
		8394071423C8273700E16BEF /* Info.plist */ = {isa = PBXFileReference; lastKnownFileType = text.plist.xml; path = Info.plist; sourceTree = "<group>"; };
		8394071923C8273700E16BEF /* LSCustomTabbarUITests.xctest */ = {isa = PBXFileReference; explicitFileType = wrapper.cfbundle; includeInIndex = 0; path = LSCustomTabbarUITests.xctest; sourceTree = BUILT_PRODUCTS_DIR; };
		8394071D23C8273700E16BEF /* LSCustomTabbarUITests.swift */ = {isa = PBXFileReference; lastKnownFileType = sourcecode.swift; path = LSCustomTabbarUITests.swift; sourceTree = "<group>"; };
		8394071F23C8273700E16BEF /* Info.plist */ = {isa = PBXFileReference; lastKnownFileType = text.plist.xml; path = Info.plist; sourceTree = "<group>"; };
		8394072C23C8279F00E16BEF /* BaseViewController.swift */ = {isa = PBXFileReference; fileEncoding = 4; lastKnownFileType = sourcecode.swift; path = BaseViewController.swift; sourceTree = "<group>"; };
		8394072D23C8279F00E16BEF /* BaseNavigationViewController.swift */ = {isa = PBXFileReference; fileEncoding = 4; lastKnownFileType = sourcecode.swift; path = BaseNavigationViewController.swift; sourceTree = "<group>"; };
		8394072E23C8279F00E16BEF /* UIImage+Extension.swift */ = {isa = PBXFileReference; fileEncoding = 4; lastKnownFileType = sourcecode.swift; path = "UIImage+Extension.swift"; sourceTree = "<group>"; };
		8394072F23C8279F00E16BEF /* MainTabBarController.swift */ = {isa = PBXFileReference; fileEncoding = 4; lastKnownFileType = sourcecode.swift; path = MainTabBarController.swift; sourceTree = "<group>"; };
		8394073123C8279F00E16BEF /* CartViewController.swift */ = {isa = PBXFileReference; fileEncoding = 4; lastKnownFileType = sourcecode.swift; path = CartViewController.swift; sourceTree = "<group>"; };
		8394073323C8279F00E16BEF /* CategoryViewController.swift */ = {isa = PBXFileReference; fileEncoding = 4; lastKnownFileType = sourcecode.swift; path = CategoryViewController.swift; sourceTree = "<group>"; };
		8394073523C8279F00E16BEF /* MemberViewController.swift */ = {isa = PBXFileReference; fileEncoding = 4; lastKnownFileType = sourcecode.swift; path = MemberViewController.swift; sourceTree = "<group>"; };
		8394073723C8279F00E16BEF /* HomeViewController.swift */ = {isa = PBXFileReference; fileEncoding = 4; lastKnownFileType = sourcecode.swift; path = HomeViewController.swift; sourceTree = "<group>"; };
		8394073923C8279F00E16BEF /* MineViewController.swift */ = {isa = PBXFileReference; fileEncoding = 4; lastKnownFileType = sourcecode.swift; path = MineViewController.swift; sourceTree = "<group>"; };
/* End PBXFileReference section */

/* Begin PBXFrameworksBuildPhase section */
		839406F523C8273600E16BEF /* Frameworks */ = {
			isa = PBXFrameworksBuildPhase;
			buildActionMask = 2147483647;
			files = (
			);
			runOnlyForDeploymentPostprocessing = 0;
		};
		8394070B23C8273700E16BEF /* Frameworks */ = {
			isa = PBXFrameworksBuildPhase;
			buildActionMask = 2147483647;
			files = (
			);
			runOnlyForDeploymentPostprocessing = 0;
		};
		8394071623C8273700E16BEF /* Frameworks */ = {
			isa = PBXFrameworksBuildPhase;
			buildActionMask = 2147483647;
			files = (
			);
			runOnlyForDeploymentPostprocessing = 0;
		};
/* End PBXFrameworksBuildPhase section */

/* Begin PBXGroup section */
		839406EF23C8273600E16BEF = {
			isa = PBXGroup;
			children = (
				839406FA23C8273600E16BEF /* LSCustomTabbar */,
				8394071123C8273700E16BEF /* LSCustomTabbarTests */,
				8394071C23C8273700E16BEF /* LSCustomTabbarUITests */,
				839406F923C8273600E16BEF /* Products */,
			);
			sourceTree = "<group>";
		};
		839406F923C8273600E16BEF /* Products */ = {
			isa = PBXGroup;
			children = (
				839406F823C8273600E16BEF /* LSCustomTabbar.app */,
				8394070E23C8273700E16BEF /* LSCustomTabbarTests.xctest */,
				8394071923C8273700E16BEF /* LSCustomTabbarUITests.xctest */,
			);
			name = Products;
			sourceTree = "<group>";
		};
		839406FA23C8273600E16BEF /* LSCustomTabbar */ = {
			isa = PBXGroup;
			children = (
				839406FB23C8273600E16BEF /* AppDelegate.swift */,
				839406FD23C8273600E16BEF /* SceneDelegate.swift */,
				8394072B23C8279F00E16BEF /* Base */,
				8394073023C8279F00E16BEF /* Cart */,
				8394073223C8279F00E16BEF /* Category */,
				8394073623C8279F00E16BEF /* Home */,
				8394073423C8279F00E16BEF /* MemberCode */,
				8394073823C8279F00E16BEF /* Mine */,
				8394070423C8273700E16BEF /* Assets.xcassets */,
				8394070623C8273700E16BEF /* LaunchScreen.storyboard */,
				8394070923C8273700E16BEF /* Info.plist */,
			);
			path = LSCustomTabbar;
			sourceTree = "<group>";
		};
		8394071123C8273700E16BEF /* LSCustomTabbarTests */ = {
			isa = PBXGroup;
			children = (
				8394071223C8273700E16BEF /* LSCustomTabbarTests.swift */,
				8394071423C8273700E16BEF /* Info.plist */,
			);
			path = LSCustomTabbarTests;
			sourceTree = "<group>";
		};
		8394071C23C8273700E16BEF /* LSCustomTabbarUITests */ = {
			isa = PBXGroup;
			children = (
				8394071D23C8273700E16BEF /* LSCustomTabbarUITests.swift */,
				8394071F23C8273700E16BEF /* Info.plist */,
			);
			path = LSCustomTabbarUITests;
			sourceTree = "<group>";
		};
		8394072B23C8279F00E16BEF /* Base */ = {
			isa = PBXGroup;
			children = (
				8394072C23C8279F00E16BEF /* BaseViewController.swift */,
				8394072D23C8279F00E16BEF /* BaseNavigationViewController.swift */,
				8394072E23C8279F00E16BEF /* UIImage+Extension.swift */,
				8394072F23C8279F00E16BEF /* MainTabBarController.swift */,
			);
			path = Base;
			sourceTree = "<group>";
		};
		8394073023C8279F00E16BEF /* Cart */ = {
			isa = PBXGroup;
			children = (
				8394073123C8279F00E16BEF /* CartViewController.swift */,
			);
			path = Cart;
			sourceTree = "<group>";
		};
		8394073223C8279F00E16BEF /* Category */ = {
			isa = PBXGroup;
			children = (
				8394073323C8279F00E16BEF /* CategoryViewController.swift */,
			);
			path = Category;
			sourceTree = "<group>";
		};
		8394073423C8279F00E16BEF /* MemberCode */ = {
			isa = PBXGroup;
			children = (
				8394073523C8279F00E16BEF /* MemberViewController.swift */,
			);
			path = MemberCode;
			sourceTree = "<group>";
		};
		8394073623C8279F00E16BEF /* Home */ = {
			isa = PBXGroup;
			children = (
				8394073723C8279F00E16BEF /* HomeViewController.swift */,
			);
			path = Home;
			sourceTree = "<group>";
		};
		8394073823C8279F00E16BEF /* Mine */ = {
			isa = PBXGroup;
			children = (
				8394073923C8279F00E16BEF /* MineViewController.swift */,
			);
			path = Mine;
			sourceTree = "<group>";
		};
/* End PBXGroup section */

/* Begin PBXNativeTarget section */
		839406F723C8273600E16BEF /* LSCustomTabbar */ = {
			isa = PBXNativeTarget;
			buildConfigurationList = 8394072223C8273700E16BEF /* Build configuration list for PBXNativeTarget "LSCustomTabbar" */;
			buildPhases = (
				839406F423C8273600E16BEF /* Sources */,
				839406F523C8273600E16BEF /* Frameworks */,
				839406F623C8273600E16BEF /* Resources */,
			);
			buildRules = (
			);
			dependencies = (
			);
			name = LSCustomTabbar;
			productName = LSCustomTabbar;
			productReference = 839406F823C8273600E16BEF /* LSCustomTabbar.app */;
			productType = "com.apple.product-type.application";
		};
		8394070D23C8273700E16BEF /* LSCustomTabbarTests */ = {
			isa = PBXNativeTarget;
			buildConfigurationList = 8394072523C8273700E16BEF /* Build configuration list for PBXNativeTarget "LSCustomTabbarTests" */;
			buildPhases = (
				8394070A23C8273700E16BEF /* Sources */,
				8394070B23C8273700E16BEF /* Frameworks */,
				8394070C23C8273700E16BEF /* Resources */,
			);
			buildRules = (
			);
			dependencies = (
				8394071023C8273700E16BEF /* PBXTargetDependency */,
			);
			name = LSCustomTabbarTests;
			productName = LSCustomTabbarTests;
			productReference = 8394070E23C8273700E16BEF /* LSCustomTabbarTests.xctest */;
			productType = "com.apple.product-type.bundle.unit-test";
		};
		8394071823C8273700E16BEF /* LSCustomTabbarUITests */ = {
			isa = PBXNativeTarget;
			buildConfigurationList = 8394072823C8273700E16BEF /* Build configuration list for PBXNativeTarget "LSCustomTabbarUITests" */;
			buildPhases = (
				8394071523C8273700E16BEF /* Sources */,
				8394071623C8273700E16BEF /* Frameworks */,
				8394071723C8273700E16BEF /* Resources */,
			);
			buildRules = (
			);
			dependencies = (
				8394071B23C8273700E16BEF /* PBXTargetDependency */,
			);
			name = LSCustomTabbarUITests;
			productName = LSCustomTabbarUITests;
			productReference = 8394071923C8273700E16BEF /* LSCustomTabbarUITests.xctest */;
			productType = "com.apple.product-type.bundle.ui-testing";
		};
/* End PBXNativeTarget section */

/* Begin PBXProject section */
		839406F023C8273600E16BEF /* Project object */ = {
			isa = PBXProject;
			attributes = {
				LastSwiftUpdateCheck = 1130;
				LastUpgradeCheck = 1130;
				ORGANIZATIONNAME = Chris;
				TargetAttributes = {
					839406F723C8273600E16BEF = {
						CreatedOnToolsVersion = 11.3;
					};
					8394070D23C8273700E16BEF = {
						CreatedOnToolsVersion = 11.3;
						TestTargetID = 839406F723C8273600E16BEF;
					};
					8394071823C8273700E16BEF = {
						CreatedOnToolsVersion = 11.3;
						TestTargetID = 839406F723C8273600E16BEF;
					};
				};
			};
			buildConfigurationList = 839406F323C8273600E16BEF /* Build configuration list for PBXProject "LSCustomTabbar" */;
			compatibilityVersion = "Xcode 9.3";
			developmentRegion = en;
			hasScannedForEncodings = 0;
			knownRegions = (
				en,
				Base,
			);
			mainGroup = 839406EF23C8273600E16BEF;
			productRefGroup = 839406F923C8273600E16BEF /* Products */;
			projectDirPath = "";
			projectRoot = "";
			targets = (
				839406F723C8273600E16BEF /* LSCustomTabbar */,
				8394070D23C8273700E16BEF /* LSCustomTabbarTests */,
				8394071823C8273700E16BEF /* LSCustomTabbarUITests */,
			);
		};
/* End PBXProject section */

/* Begin PBXResourcesBuildPhase section */
		839406F623C8273600E16BEF /* Resources */ = {
			isa = PBXResourcesBuildPhase;
			buildActionMask = 2147483647;
			files = (
				8394070823C8273700E16BEF /* LaunchScreen.storyboard in Resources */,
				8394070523C8273700E16BEF /* Assets.xcassets in Resources */,
			);
			runOnlyForDeploymentPostprocessing = 0;
		};
		8394070C23C8273700E16BEF /* Resources */ = {
			isa = PBXResourcesBuildPhase;
			buildActionMask = 2147483647;
			files = (
			);
			runOnlyForDeploymentPostprocessing = 0;
		};
		8394071723C8273700E16BEF /* Resources */ = {
			isa = PBXResourcesBuildPhase;
			buildActionMask = 2147483647;
			files = (
			);
			runOnlyForDeploymentPostprocessing = 0;
		};
/* End PBXResourcesBuildPhase section */

/* Begin PBXSourcesBuildPhase section */
		839406F423C8273600E16BEF /* Sources */ = {
			isa = PBXSourcesBuildPhase;
			buildActionMask = 2147483647;
			files = (
				8394074023C8279F00E16BEF /* MemberViewController.swift in Sources */,
				8394074223C8279F00E16BEF /* MineViewController.swift in Sources */,
				839406FC23C8273600E16BEF /* AppDelegate.swift in Sources */,
				839406FE23C8273600E16BEF /* SceneDelegate.swift in Sources */,
				8394073E23C8279F00E16BEF /* CartViewController.swift in Sources */,
				8394073D23C8279F00E16BEF /* MainTabBarController.swift in Sources */,
				8394074123C8279F00E16BEF /* HomeViewController.swift in Sources */,
				8394073F23C8279F00E16BEF /* CategoryViewController.swift in Sources */,
				8394073C23C8279F00E16BEF /* UIImage+Extension.swift in Sources */,
				8394073A23C8279F00E16BEF /* BaseViewController.swift in Sources */,
				8394073B23C8279F00E16BEF /* BaseNavigationViewController.swift in Sources */,
			);
			runOnlyForDeploymentPostprocessing = 0;
		};
		8394070A23C8273700E16BEF /* Sources */ = {
			isa = PBXSourcesBuildPhase;
			buildActionMask = 2147483647;
			files = (
				8394071323C8273700E16BEF /* LSCustomTabbarTests.swift in Sources */,
			);
			runOnlyForDeploymentPostprocessing = 0;
		};
		8394071523C8273700E16BEF /* Sources */ = {
			isa = PBXSourcesBuildPhase;
			buildActionMask = 2147483647;
			files = (
				8394071E23C8273700E16BEF /* LSCustomTabbarUITests.swift in Sources */,
			);
			runOnlyForDeploymentPostprocessing = 0;
		};
/* End PBXSourcesBuildPhase section */

/* Begin PBXTargetDependency section */
		8394071023C8273700E16BEF /* PBXTargetDependency */ = {
			isa = PBXTargetDependency;
			target = 839406F723C8273600E16BEF /* LSCustomTabbar */;
			targetProxy = 8394070F23C8273700E16BEF /* PBXContainerItemProxy */;
		};
		8394071B23C8273700E16BEF /* PBXTargetDependency */ = {
			isa = PBXTargetDependency;
			target = 839406F723C8273600E16BEF /* LSCustomTabbar */;
			targetProxy = 8394071A23C8273700E16BEF /* PBXContainerItemProxy */;
		};
/* End PBXTargetDependency section */

/* Begin PBXVariantGroup section */
		8394070623C8273700E16BEF /* LaunchScreen.storyboard */ = {
			isa = PBXVariantGroup;
			children = (
				8394070723C8273700E16BEF /* Base */,
			);
			name = LaunchScreen.storyboard;
			sourceTree = "<group>";
		};
/* End PBXVariantGroup section */

/* Begin XCBuildConfiguration section */
		8394072023C8273700E16BEF /* Debug */ = {
			isa = XCBuildConfiguration;
			buildSettings = {
				ALWAYS_SEARCH_USER_PATHS = NO;
				CLANG_ANALYZER_NONNULL = YES;
				CLANG_ANALYZER_NUMBER_OBJECT_CONVERSION = YES_AGGRESSIVE;
				CLANG_CXX_LANGUAGE_STANDARD = "gnu++14";
				CLANG_CXX_LIBRARY = "libc++";
				CLANG_ENABLE_MODULES = YES;
				CLANG_ENABLE_OBJC_ARC = YES;
				CLANG_ENABLE_OBJC_WEAK = YES;
				CLANG_WARN_BLOCK_CAPTURE_AUTORELEASING = YES;
				CLANG_WARN_BOOL_CONVERSION = YES;
				CLANG_WARN_COMMA = YES;
				CLANG_WARN_CONSTANT_CONVERSION = YES;
				CLANG_WARN_DEPRECATED_OBJC_IMPLEMENTATIONS = YES;
				CLANG_WARN_DIRECT_OBJC_ISA_USAGE = YES_ERROR;
				CLANG_WARN_DOCUMENTATION_COMMENTS = YES;
				CLANG_WARN_EMPTY_BODY = YES;
				CLANG_WARN_ENUM_CONVERSION = YES;
				CLANG_WARN_INFINITE_RECURSION = YES;
				CLANG_WARN_INT_CONVERSION = YES;
				CLANG_WARN_NON_LITERAL_NULL_CONVERSION = YES;
				CLANG_WARN_OBJC_IMPLICIT_RETAIN_SELF = YES;
				CLANG_WARN_OBJC_LITERAL_CONVERSION = YES;
				CLANG_WARN_OBJC_ROOT_CLASS = YES_ERROR;
				CLANG_WARN_RANGE_LOOP_ANALYSIS = YES;
				CLANG_WARN_STRICT_PROTOTYPES = YES;
				CLANG_WARN_SUSPICIOUS_MOVE = YES;
				CLANG_WARN_UNGUARDED_AVAILABILITY = YES_AGGRESSIVE;
				CLANG_WARN_UNREACHABLE_CODE = YES;
				CLANG_WARN__DUPLICATE_METHOD_MATCH = YES;
				COPY_PHASE_STRIP = NO;
				DEBUG_INFORMATION_FORMAT = dwarf;
				ENABLE_STRICT_OBJC_MSGSEND = YES;
				ENABLE_TESTABILITY = YES;
				GCC_C_LANGUAGE_STANDARD = gnu11;
				GCC_DYNAMIC_NO_PIC = NO;
				GCC_NO_COMMON_BLOCKS = YES;
				GCC_OPTIMIZATION_LEVEL = 0;
				GCC_PREPROCESSOR_DEFINITIONS = (
					"DEBUG=1",
					"$(inherited)",
				);
				GCC_WARN_64_TO_32_BIT_CONVERSION = YES;
				GCC_WARN_ABOUT_RETURN_TYPE = YES_ERROR;
				GCC_WARN_UNDECLARED_SELECTOR = YES;
				GCC_WARN_UNINITIALIZED_AUTOS = YES_AGGRESSIVE;
				GCC_WARN_UNUSED_FUNCTION = YES;
				GCC_WARN_UNUSED_VARIABLE = YES;
				IPHONEOS_DEPLOYMENT_TARGET = 13.2;
				MTL_ENABLE_DEBUG_INFO = INCLUDE_SOURCE;
				MTL_FAST_MATH = YES;
				ONLY_ACTIVE_ARCH = YES;
				SDKROOT = iphoneos;
				SWIFT_ACTIVE_COMPILATION_CONDITIONS = DEBUG;
				SWIFT_OPTIMIZATION_LEVEL = "-Onone";
			};
			name = Debug;
		};
		8394072123C8273700E16BEF /* Release */ = {
			isa = XCBuildConfiguration;
			buildSettings = {
				ALWAYS_SEARCH_USER_PATHS = NO;
				CLANG_ANALYZER_NONNULL = YES;
				CLANG_ANALYZER_NUMBER_OBJECT_CONVERSION = YES_AGGRESSIVE;
				CLANG_CXX_LANGUAGE_STANDARD = "gnu++14";
				CLANG_CXX_LIBRARY = "libc++";
				CLANG_ENABLE_MODULES = YES;
				CLANG_ENABLE_OBJC_ARC = YES;
				CLANG_ENABLE_OBJC_WEAK = YES;
				CLANG_WARN_BLOCK_CAPTURE_AUTORELEASING = YES;
				CLANG_WARN_BOOL_CONVERSION = YES;
				CLANG_WARN_COMMA = YES;
				CLANG_WARN_CONSTANT_CONVERSION = YES;
				CLANG_WARN_DEPRECATED_OBJC_IMPLEMENTATIONS = YES;
				CLANG_WARN_DIRECT_OBJC_ISA_USAGE = YES_ERROR;
				CLANG_WARN_DOCUMENTATION_COMMENTS = YES;
				CLANG_WARN_EMPTY_BODY = YES;
				CLANG_WARN_ENUM_CONVERSION = YES;
				CLANG_WARN_INFINITE_RECURSION = YES;
				CLANG_WARN_INT_CONVERSION = YES;
				CLANG_WARN_NON_LITERAL_NULL_CONVERSION = YES;
				CLANG_WARN_OBJC_IMPLICIT_RETAIN_SELF = YES;
				CLANG_WARN_OBJC_LITERAL_CONVERSION = YES;
				CLANG_WARN_OBJC_ROOT_CLASS = YES_ERROR;
				CLANG_WARN_RANGE_LOOP_ANALYSIS = YES;
				CLANG_WARN_STRICT_PROTOTYPES = YES;
				CLANG_WARN_SUSPICIOUS_MOVE = YES;
				CLANG_WARN_UNGUARDED_AVAILABILITY = YES_AGGRESSIVE;
				CLANG_WARN_UNREACHABLE_CODE = YES;
				CLANG_WARN__DUPLICATE_METHOD_MATCH = YES;
				COPY_PHASE_STRIP = NO;
				DEBUG_INFORMATION_FORMAT = "dwarf-with-dsym";
				ENABLE_NS_ASSERTIONS = NO;
				ENABLE_STRICT_OBJC_MSGSEND = YES;
				GCC_C_LANGUAGE_STANDARD = gnu11;
				GCC_NO_COMMON_BLOCKS = YES;
				GCC_WARN_64_TO_32_BIT_CONVERSION = YES;
				GCC_WARN_ABOUT_RETURN_TYPE = YES_ERROR;
				GCC_WARN_UNDECLARED_SELECTOR = YES;
				GCC_WARN_UNINITIALIZED_AUTOS = YES_AGGRESSIVE;
				GCC_WARN_UNUSED_FUNCTION = YES;
				GCC_WARN_UNUSED_VARIABLE = YES;
				IPHONEOS_DEPLOYMENT_TARGET = 13.2;
				MTL_ENABLE_DEBUG_INFO = NO;
				MTL_FAST_MATH = YES;
				SDKROOT = iphoneos;
				SWIFT_COMPILATION_MODE = wholemodule;
				SWIFT_OPTIMIZATION_LEVEL = "-O";
				VALIDATE_PRODUCT = YES;
			};
			name = Release;
		};
		8394072323C8273700E16BEF /* Debug */ = {
			isa = XCBuildConfiguration;
			buildSettings = {
				ASSETCATALOG_COMPILER_APPICON_NAME = AppIcon;
				CODE_SIGN_STYLE = Automatic;
				INFOPLIST_FILE = LSCustomTabbar/Info.plist;
				LD_RUNPATH_SEARCH_PATHS = (
					"$(inherited)",
					"@executable_path/Frameworks",
				);
				PRODUCT_BUNDLE_IDENTIFIER = "-21.LSCustomTabbar";
				PRODUCT_NAME = "$(TARGET_NAME)";
				SWIFT_VERSION = 5.0;
				TARGETED_DEVICE_FAMILY = "1,2";
			};
			name = Debug;
		};
		8394072423C8273700E16BEF /* Release */ = {
			isa = XCBuildConfiguration;
			buildSettings = {
				ASSETCATALOG_COMPILER_APPICON_NAME = AppIcon;
				CODE_SIGN_STYLE = Automatic;
				INFOPLIST_FILE = LSCustomTabbar/Info.plist;
				LD_RUNPATH_SEARCH_PATHS = (
					"$(inherited)",
					"@executable_path/Frameworks",
				);
				PRODUCT_BUNDLE_IDENTIFIER = "-21.LSCustomTabbar";
				PRODUCT_NAME = "$(TARGET_NAME)";
				SWIFT_VERSION = 5.0;
				TARGETED_DEVICE_FAMILY = "1,2";
			};
			name = Release;
		};
		8394072623C8273700E16BEF /* Debug */ = {
			isa = XCBuildConfiguration;
			buildSettings = {
				ALWAYS_EMBED_SWIFT_STANDARD_LIBRARIES = YES;
				BUNDLE_LOADER = "$(TEST_HOST)";
				CODE_SIGN_STYLE = Automatic;
				INFOPLIST_FILE = LSCustomTabbarTests/Info.plist;
				IPHONEOS_DEPLOYMENT_TARGET = 13.2;
				LD_RUNPATH_SEARCH_PATHS = (
					"$(inherited)",
					"@executable_path/Frameworks",
					"@loader_path/Frameworks",
				);
				PRODUCT_BUNDLE_IDENTIFIER = "-21.LSCustomTabbarTests";
				PRODUCT_NAME = "$(TARGET_NAME)";
				SWIFT_VERSION = 5.0;
				TARGETED_DEVICE_FAMILY = "1,2";
				TEST_HOST = "$(BUILT_PRODUCTS_DIR)/LSCustomTabbar.app/LSCustomTabbar";
			};
			name = Debug;
		};
		8394072723C8273700E16BEF /* Release */ = {
			isa = XCBuildConfiguration;
			buildSettings = {
				ALWAYS_EMBED_SWIFT_STANDARD_LIBRARIES = YES;
				BUNDLE_LOADER = "$(TEST_HOST)";
				CODE_SIGN_STYLE = Automatic;
				INFOPLIST_FILE = LSCustomTabbarTests/Info.plist;
				IPHONEOS_DEPLOYMENT_TARGET = 13.2;
				LD_RUNPATH_SEARCH_PATHS = (
					"$(inherited)",
					"@executable_path/Frameworks",
					"@loader_path/Frameworks",
				);
				PRODUCT_BUNDLE_IDENTIFIER = "-21.LSCustomTabbarTests";
				PRODUCT_NAME = "$(TARGET_NAME)";
				SWIFT_VERSION = 5.0;
				TARGETED_DEVICE_FAMILY = "1,2";
				TEST_HOST = "$(BUILT_PRODUCTS_DIR)/LSCustomTabbar.app/LSCustomTabbar";
			};
			name = Release;
		};
		8394072923C8273700E16BEF /* Debug */ = {
			isa = XCBuildConfiguration;
			buildSettings = {
				ALWAYS_EMBED_SWIFT_STANDARD_LIBRARIES = YES;
				CODE_SIGN_STYLE = Automatic;
				INFOPLIST_FILE = LSCustomTabbarUITests/Info.plist;
				LD_RUNPATH_SEARCH_PATHS = (
					"$(inherited)",
					"@executable_path/Frameworks",
					"@loader_path/Frameworks",
				);
				PRODUCT_BUNDLE_IDENTIFIER = "-21.LSCustomTabbarUITests";
				PRODUCT_NAME = "$(TARGET_NAME)";
				SWIFT_VERSION = 5.0;
				TARGETED_DEVICE_FAMILY = "1,2";
				TEST_TARGET_NAME = LSCustomTabbar;
			};
			name = Debug;
		};
		8394072A23C8273700E16BEF /* Release */ = {
			isa = XCBuildConfiguration;
			buildSettings = {
				ALWAYS_EMBED_SWIFT_STANDARD_LIBRARIES = YES;
				CODE_SIGN_STYLE = Automatic;
				INFOPLIST_FILE = LSCustomTabbarUITests/Info.plist;
				LD_RUNPATH_SEARCH_PATHS = (
					"$(inherited)",
					"@executable_path/Frameworks",
					"@loader_path/Frameworks",
				);
				PRODUCT_BUNDLE_IDENTIFIER = "-21.LSCustomTabbarUITests";
				PRODUCT_NAME = "$(TARGET_NAME)";
				SWIFT_VERSION = 5.0;
				TARGETED_DEVICE_FAMILY = "1,2";
				TEST_TARGET_NAME = LSCustomTabbar;
			};
			name = Release;
		};
/* End XCBuildConfiguration section */

/* Begin XCConfigurationList section */
		839406F323C8273600E16BEF /* Build configuration list for PBXProject "LSCustomTabbar" */ = {
			isa = XCConfigurationList;
			buildConfigurations = (
				8394072023C8273700E16BEF /* Debug */,
				8394072123C8273700E16BEF /* Release */,
			);
			defaultConfigurationIsVisible = 0;
			defaultConfigurationName = Release;
		};
		8394072223C8273700E16BEF /* Build configuration list for PBXNativeTarget "LSCustomTabbar" */ = {
			isa = XCConfigurationList;
			buildConfigurations = (
				8394072323C8273700E16BEF /* Debug */,
				8394072423C8273700E16BEF /* Release */,
			);
			defaultConfigurationIsVisible = 0;
			defaultConfigurationName = Release;
		};
		8394072523C8273700E16BEF /* Build configuration list for PBXNativeTarget "LSCustomTabbarTests" */ = {
			isa = XCConfigurationList;
			buildConfigurations = (
				8394072623C8273700E16BEF /* Debug */,
				8394072723C8273700E16BEF /* Release */,
			);
			defaultConfigurationIsVisible = 0;
			defaultConfigurationName = Release;
		};
		8394072823C8273700E16BEF /* Build configuration list for PBXNativeTarget "LSCustomTabbarUITests" */ = {
			isa = XCConfigurationList;
			buildConfigurations = (
				8394072923C8273700E16BEF /* Debug */,
				8394072A23C8273700E16BEF /* Release */,
			);
			defaultConfigurationIsVisible = 0;
			defaultConfigurationName = Release;
		};
/* End XCConfigurationList section */
	};
	rootObject = 839406F023C8273600E16BEF /* Project object */;
}
